
Microsoft Visual Studio Solution File, Format Version 12.00
# Visual Studio Version 17
VisualStudioVersion = 17.14.36221.1 d17.14
MinimumVisualStudioVersion = 10.0.40219.1
Project("{FAE04EC0-301F-11D3-BF4B-00C04F79EFBC}") = "Reina.Cryptography", "Reina.Cryptography\Reina.Cryptography.csproj", "{483AF4CE-63EF-4631-80F7-FB5AFAB4C3AB}"
EndProject
Project("{FAE04EC0-301F-11D3-BF4B-00C04F79EFBC}") = "Reina.Cryptography.Tests", "Reina.Cryptography.Tests\Reina.Cryptography.Tests.csproj", "{2E7B58C5-05AD-43F2-AAE7-35A56974FC71}"
EndProject
Global
	GlobalSection(SolutionConfigurationPlatforms) = preSolution
		Debug|Any CPU = Debug|Any CPU
		Release|Any CPU = Release|Any CPU
	EndGlobalSection
	GlobalSection(ProjectConfigurationPlatforms) = postSolution
		{483AF4CE-63EF-4631-80F7-FB5AFAB4C3AB}.Debug|Any CPU.ActiveCfg = Debug|Any CPU
		{483AF4CE-63EF-4631-80F7-FB5AFAB4C3AB}.Debug|Any CPU.Build.0 = Debug|Any CPU
		{483AF4CE-63EF-4631-80F7-FB5AFAB4C3AB}.Release|Any CPU.ActiveCfg = Release|Any CPU
		{483AF4CE-63EF-4631-80F7-FB5AFAB4C3AB}.Release|Any CPU.Build.0 = Release|Any CPU
		{2E7B58C5-05AD-43F2-AAE7-35A56974FC71}.Debug|Any CPU.ActiveCfg = Debug|Any CPU
		{2E7B58C5-05AD-43F2-AAE7-35A56974FC71}.Debug|Any CPU.Build.0 = Debug|Any CPU
		{2E7B58C5-05AD-43F2-AAE7-35A56974FC71}.Release|Any CPU.ActiveCfg = Release|Any CPU
		{2E7B58C5-05AD-43F2-AAE7-35A56974FC71}.Release|Any CPU.Build.0 = Release|Any CPU
	EndGlobalSection
	GlobalSection(SolutionProperties) = preSolution
		HideSolutionNode = FALSE
	EndGlobalSection
	GlobalSection(ExtensibilityGlobals) = postSolution
		SolutionGuid = {48F5FB3A-3489-46D8-A6B2-A30002B69690}
	EndGlobalSection
EndGlobal
