
Microsoft Visual Studio Solution File, Format Version 12.00
# Visual Studio Version 17
VisualStudioVersion = 17.7.34221.43
MinimumVisualStudioVersion = 10.0.40219.1
Project("{9A19103F-16F7-4668-BE54-9A1E7A4F7556}") = "Reina.Cryptography", "Reina.Cryptography.csproj", "{BA34BD1B-3FB1-468F-A977-A6A7FDC24379}"
EndProject
Global
	GlobalSection(SolutionConfigurationPlatforms) = preSolution
		Debug|Any CPU = Debug|Any CPU
		Release|Any CPU = Release|Any CPU
	EndGlobalSection
	GlobalSection(ProjectConfigurationPlatforms) = postSolution
		{BA34BD1B-3FB1-468F-A977-A6A7FDC24379}.Debug|Any CPU.ActiveCfg = Release|Any CPU
		{BA34BD1B-3FB1-468F-A977-A6A7FDC24379}.Release|Any CPU.ActiveCfg = Release|Any CPU
		{BA34BD1B-3FB1-468F-A977-A6A7FDC24379}.Release|Any CPU.Build.0 = Release|Any CPU
	EndGlobalSection
	GlobalSection(SolutionProperties) = preSolution
		HideSolutionNode = FALSE
	EndGlobalSection
	GlobalSection(ExtensibilityGlobals) = postSolution
		SolutionGuid = {7043A24B-BEC5-44BF-A60C-7C5392B86EA7}
	EndGlobalSection
EndGlobal
